
Microsoft Visual Studio Solution File, Format Version 12.00
Project("{6685809D-2235-44B6-95C6-31FAE934450C}") = "_1", "src/_1/_1.csproj", "{2C99393B-6EAE-44E5-AA00-BCD78B814598}"
EndProject
Global
	GlobalSection(SolutionConfigurationPlatforms) = preSolution
		Debug|Any CPU = Debug|Any CPU
		Release|Any CPU = Release|Any CPU
		Deploy|Any CPU = Deploy|Any CPU
		DeployAndRun|Any CPU = DeployAndRun|Any CPU
	EndGlobalSection
	GlobalSection(ProjectConfigurationPlatforms) = postSolution
		{2C99393B-6EAE-44E5-AA00-BCD78B814598}.Debug|Any CPU.ActiveCfg = Debug|Any CPU
		{2C99393B-6EAE-44E5-AA00-BCD78B814598}.Debug|Any CPU.Build.0 = Debug|Any CPU
		{2C99393B-6EAE-44E5-AA00-BCD78B814598}.Release|Any CPU.ActiveCfg = Release|Any CPU
		{2C99393B-6EAE-44E5-AA00-BCD78B814598}.Release|Any CPU.Build.0 = Release|Any CPU
		{2C99393B-6EAE-44E5-AA00-BCD78B814598}.Deploy|Any CPU.ActiveCfg = Deploy|Any CPU
		{2C99393B-6EAE-44E5-AA00-BCD78B814598}.Deploy|Any CPU.Build.0 = Deploy|Any CPU
		{2C99393B-6EAE-44E5-AA00-BCD78B814598}.DeployAndRun|Any CPU.ActiveCfg = DeployAndRun|Any CPU
		{2C99393B-6EAE-44E5-AA00-BCD78B814598}.DeployAndRun|Any CPU.Build.0 = DeployAndRun|Any CPU
	EndGlobalSection
EndGlobal

